
Microsoft Visual Studio Solution File, Format Version 12.00
# Visual Studio 15
VisualStudioVersion = 15.0.28307.421
MinimumVisualStudioVersion = 10.0.40219.1
Project("{FAE04EC0-301F-11D3-BF4B-00C04F79EFBC}") = "ConsoleApp1", "ConsoleApp1\ConsoleApp1.csproj", "{AB969042-0223-4566-A708-E80C600E7EF9}"
EndProject
Global
	GlobalSection(SolutionConfigurationPlatforms) = preSolution
		Debug|Any CPU = Debug|Any CPU
		Release|Any CPU = Release|Any CPU
	EndGlobalSection
	GlobalSection(ProjectConfigurationPlatforms) = postSolution
		{AB969042-0223-4566-A708-E80C600E7EF9}.Debug|Any CPU.ActiveCfg = Debug|Any CPU
		{AB969042-0223-4566-A708-E80C600E7EF9}.Debug|Any CPU.Build.0 = Debug|Any CPU
		{AB969042-0223-4566-A708-E80C600E7EF9}.Release|Any CPU.ActiveCfg = Release|Any CPU
		{AB969042-0223-4566-A708-E80C600E7EF9}.Release|Any CPU.Build.0 = Release|Any CPU
	EndGlobalSection
	GlobalSection(SolutionProperties) = preSolution
		HideSolutionNode = FALSE
	EndGlobalSection
	GlobalSection(ExtensibilityGlobals) = postSolution
		SolutionGuid = {AE59CC6F-FB88-4535-A506-700C76F8576B}
	EndGlobalSection
EndGlobal
