
Microsoft Visual Studio Solution File, Format Version 12.00
# Visual Studio 15
VisualStudioVersion = 15.0.28307.421
MinimumVisualStudioVersion = 10.0.40219.1
Project("{FAE04EC0-301F-11D3-BF4B-00C04F79EFBC}") = "homework6", "homework6\homework6.csproj", "{411C04B0-EE1E-46D0-B1A3-DEC526AAD93D}"
EndProject
Global
	GlobalSection(SolutionConfigurationPlatforms) = preSolution
		Debug|Any CPU = Debug|Any CPU
		Release|Any CPU = Release|Any CPU
	EndGlobalSection
	GlobalSection(ProjectConfigurationPlatforms) = postSolution
		{411C04B0-EE1E-46D0-B1A3-DEC526AAD93D}.Debug|Any CPU.ActiveCfg = Debug|Any CPU
		{411C04B0-EE1E-46D0-B1A3-DEC526AAD93D}.Debug|Any CPU.Build.0 = Debug|Any CPU
		{411C04B0-EE1E-46D0-B1A3-DEC526AAD93D}.Release|Any CPU.ActiveCfg = Release|Any CPU
		{411C04B0-EE1E-46D0-B1A3-DEC526AAD93D}.Release|Any CPU.Build.0 = Release|Any CPU
	EndGlobalSection
	GlobalSection(SolutionProperties) = preSolution
		HideSolutionNode = FALSE
	EndGlobalSection
	GlobalSection(ExtensibilityGlobals) = postSolution
		SolutionGuid = {DEBB8E8A-1575-4043-86CD-5C2ED799A035}
	EndGlobalSection
EndGlobal
