
Microsoft Visual Studio Solution File, Format Version 12.00
# Visual Studio 15
VisualStudioVersion = 15.0.28307.421
MinimumVisualStudioVersion = 10.0.40219.1
Project("{FAE04EC0-301F-11D3-BF4B-00C04F79EFBC}") = "homework8", "homework8\homework8.csproj", "{EF4DAA48-4F04-41D8-B9CE-E0406D71A3D4}"
EndProject
Global
	GlobalSection(SolutionConfigurationPlatforms) = preSolution
		Debug|Any CPU = Debug|Any CPU
		Release|Any CPU = Release|Any CPU
	EndGlobalSection
	GlobalSection(ProjectConfigurationPlatforms) = postSolution
		{EF4DAA48-4F04-41D8-B9CE-E0406D71A3D4}.Debug|Any CPU.ActiveCfg = Debug|Any CPU
		{EF4DAA48-4F04-41D8-B9CE-E0406D71A3D4}.Debug|Any CPU.Build.0 = Debug|Any CPU
		{EF4DAA48-4F04-41D8-B9CE-E0406D71A3D4}.Release|Any CPU.ActiveCfg = Release|Any CPU
		{EF4DAA48-4F04-41D8-B9CE-E0406D71A3D4}.Release|Any CPU.Build.0 = Release|Any CPU
	EndGlobalSection
	GlobalSection(SolutionProperties) = preSolution
		HideSolutionNode = FALSE
	EndGlobalSection
	GlobalSection(ExtensibilityGlobals) = postSolution
		SolutionGuid = {BD7820F9-69C1-464A-80F4-0E87090DDD43}
	EndGlobalSection
EndGlobal
